
Microsoft Visual Studio Solution File, Format Version 12.00
# Visual Studio Version 16
VisualStudioVersion = 16.0.30105.148
MinimumVisualStudioVersion = 10.0.40219.1
Project("{9A19103F-16F7-4668-BE54-9A1E7A4F7556}") = "BlazorHistory.Demo", "BlazorHistory.Demo\BlazorHistory.Demo.csproj", "{A5CC4CC9-7D3F-4672-9F3E-92D956D4FD3F}"
EndProject
Project("{9A19103F-16F7-4668-BE54-9A1E7A4F7556}") = "BlazorHistory", "BlazorHistory\BlazorHistory.csproj", "{EA9B5349-B580-448C-9C6A-2B2A92D90739}"
EndProject
Global
	GlobalSection(SolutionConfigurationPlatforms) = preSolution
		Debug|Any CPU = Debug|Any CPU
		Release|Any CPU = Release|Any CPU
	EndGlobalSection
	GlobalSection(ProjectConfigurationPlatforms) = postSolution
		{A5CC4CC9-7D3F-4672-9F3E-92D956D4FD3F}.Debug|Any CPU.ActiveCfg = Debug|Any CPU
		{A5CC4CC9-7D3F-4672-9F3E-92D956D4FD3F}.Debug|Any CPU.Build.0 = Debug|Any CPU
		{A5CC4CC9-7D3F-4672-9F3E-92D956D4FD3F}.Release|Any CPU.ActiveCfg = Release|Any CPU
		{A5CC4CC9-7D3F-4672-9F3E-92D956D4FD3F}.Release|Any CPU.Build.0 = Release|Any CPU
		{EA9B5349-B580-448C-9C6A-2B2A92D90739}.Debug|Any CPU.ActiveCfg = Debug|Any CPU
		{EA9B5349-B580-448C-9C6A-2B2A92D90739}.Debug|Any CPU.Build.0 = Debug|Any CPU
		{EA9B5349-B580-448C-9C6A-2B2A92D90739}.Release|Any CPU.ActiveCfg = Release|Any CPU
		{EA9B5349-B580-448C-9C6A-2B2A92D90739}.Release|Any CPU.Build.0 = Release|Any CPU
	EndGlobalSection
	GlobalSection(SolutionProperties) = preSolution
		HideSolutionNode = FALSE
	EndGlobalSection
	GlobalSection(ExtensibilityGlobals) = postSolution
		SolutionGuid = {9BCEFE08-EBB4-401A-89D2-89E12A61B773}
	EndGlobalSection
EndGlobal
